dependencies:
- name: kube-prometheus-stack
  repository: https://prometheus-community.github.io/helm-charts
  version: 77.8.0
- name: grafana
  repository: https://grafana.github.io/helm-charts
  version: 10.3.0
- name: eck-operator
  repository: https://helm.elastic.co
  version: 3.2.0
- name: strimzi-kafka-operator
  repository: https://strimzi.io/charts/
  version: 0.48.0
- name: loki
  repository: https://grafana.github.io/helm-charts
  version: 6.55.0
- name: alloy
  repository: https://grafana.github.io/helm-charts
  version: 1.9.0
- name: langfuse
  repository: https://langfuse.github.io/langfuse-k8s
  version: 1.5.40
digest: sha256:210bd53294143756b1f05a42d89a9833096629ce0b5836841eb53c655284a45d
generated: "2026-07-22T11:47:17.046075+02:00"
