dependencies:
- name: argo-cd
  repository: https://argoproj.github.io/argo-helm
  version: 7.8.2
- name: kube-prometheus-stack
  repository: https://prometheus-community.github.io/helm-charts
  version: 77.8.0
- name: grafana
  repository: https://grafana.github.io/helm-charts
  version: 10.3.0
- name: eck-operator
  repository: https://helm.elastic.co
  version: 3.2.0
- name: strimzi-kafka-operator
  repository: https://strimzi.io/charts/
  version: 0.48.0
- name: loki
  repository: https://grafana.github.io/helm-charts
  version: 6.55.0
- name: alloy
  repository: https://grafana.github.io/helm-charts
  version: 1.9.0
- name: langfuse
  repository: https://langfuse.github.io/langfuse-k8s
  version: 1.5.40
digest: sha256:4bf8f411728efc288c829521bc30a727005357f76127980b3bdcd7616ff1fa49
generated: "2026-08-25T16:37:08.855788+02:00"
