dependencies:
- name: kube-prometheus-stack
  repository: https://prometheus-community.github.io/helm-charts
  version: 77.8.0
- name: grafana
  repository: https://grafana.github.io/helm-charts
  version: 10.3.0
- name: eck-operator
  repository: https://helm.elastic.co
  version: 3.2.0
- name: strimzi-kafka-operator
  repository: https://strimzi.io/charts/
  version: 0.48.0
- name: loki
  repository: https://grafana.github.io/helm-charts
  version: 6.55.0
- name: alloy
  repository: https://grafana.github.io/helm-charts
  version: 1.9.0
digest: sha256:1e39886442345d949a92614880a7a308f4bf147595042a1a490b609f5ad03723
generated: "2026-07-21T11:38:08.408459+02:00"
